<?xml version="1.0" encoding="utf-8"?>
<Project ToolsVersion="4.0" xmlns="http://schemas.microsoft.com/developer/msbuild/2003">
  <ItemGroup>
    <Filter Include="소스 파일">
      <UniqueIdentifier>{4FC737F1-C7A5-4376-A066-2A32D752A2FF}</UniqueIdentifier>
      <Extensions>cpp;c;cc;cxx;def;odl;idl;hpj;bat;asm;asmx</Extensions>
    </Filter>
    <Filter Include="리소스 파일">
      <UniqueIdentifier>{67DA6AB6-F800-4c08-8B7A-83BB121AAD01}</UniqueIdentifier>
      <Extensions>rc;ico;cur;bmp;dlg;rc2;rct;bin;rgs;gif;jpg;jpeg;jpe;resx;tiff;tif;png;wav;mfcribbon-ms</Extensions>
    </Filter>
    <Filter Include="헤더 파일">
      <UniqueIdentifier>{93995380-89BD-4b04-88EB-625FBE52EBFB}</UniqueIdentifier>
      <Extensions>h;hh;hpp;hxx;hm;inl;inc;xsd</Extensions>
    </Filter>
    <Filter Include="헤더 파일\Object">
      <UniqueIdentifier>{23f27bc9-755f-441c-bcaf-64c392e80501}</UniqueIdentifier>
    </Filter>
    <Filter Include="헤더 파일\FSM">
      <UniqueIdentifier>{6bb8c973-2ff6-4e88-9571-23d907f30e4c}</UniqueIdentifier>
    </Filter>
    <Filter Include="헤더 파일\FSM\State">
      <UniqueIdentifier>{47b94f78-e4ba-4420-b3c7-660a09ef9e17}</UniqueIdentifier>
    </Filter>
    <Filter Include="소스 파일\Object">
      <UniqueIdentifier>{2d6db037-e5a8-4c8e-ae1e-333acf4e932b}</UniqueIdentifier>
    </Filter>
    <Filter Include="헤더 파일\DB">
      <UniqueIdentifier>{1ea9db9d-3d22-4e5b-b5fc-d4beb2a7f92e}</UniqueIdentifier>
    </Filter>
    <Filter Include="헤더 파일\Combat">
      <UniqueIdentifier>{f2c50cac-70cc-4e71-ade2-600351b09baa}</UniqueIdentifier>
    </Filter>
    <Filter Include="소스 파일\Combat">
      <UniqueIdentifier>{2a1c367e-28e0-4fcd-bb57-5e8193202728}</UniqueIdentifier>
    </Filter>
    <Filter Include="헤더 파일\Packet">
      <UniqueIdentifier>{03b14f3c-d880-41c4-9eb6-231ea24c4200}</UniqueIdentifier>
    </Filter>
    <Filter Include="소스 파일\Packet">
      <UniqueIdentifier>{249e71dd-0b79-41cb-97c5-cd91b6a49470}</UniqueIdentifier>
    </Filter>
    <Filter Include="헤더 파일\View">
      <UniqueIdentifier>{3572a47c-ddd0-4c4e-a491-d148df3e2838}</UniqueIdentifier>
    </Filter>
    <Filter Include="소스 파일\View">
      <UniqueIdentifier>{782b4129-bffc-4e2e-98a4-5e322c9d6aa7}</UniqueIdentifier>
    </Filter>
    <Filter Include="소스 파일\FSM">
      <UniqueIdentifier>{ccf7f2c7-d4f2-444f-b2c8-4e311cc2982b}</UniqueIdentifier>
    </Filter>
    <Filter Include="소스 파일\FSM\State">
      <UniqueIdentifier>{da732f15-7d7b-4600-abf9-183652f525eb}</UniqueIdentifier>
    </Filter>
    <Filter Include="소스 파일\Game">
      <UniqueIdentifier>{1a1c56ea-714a-49cc-bfe0-7834f68d9320}</UniqueIdentifier>
    </Filter>
    <Filter Include="헤더 파일\Game">
      <UniqueIdentifier>{c6fbaa5e-2f9c-423d-8dce-07b55692ac49}</UniqueIdentifier>
    </Filter>
  </ItemGroup>
  <ItemGroup>
    <ClCompile Include="Server.cpp">
      <Filter>소스 파일</Filter>
    </ClCompile>
    <ClCompile Include="SyncObject.cpp">
      <Filter>소스 파일</Filter>
    </ClCompile>
    <ClCompile Include="State_Chase.cpp">
      <Filter>소스 파일\FSM\State</Filter>
    </ClCompile>
    <ClCompile Include="State_Combat.cpp">
      <Filter>소스 파일\FSM\State</Filter>
    </ClCompile>
    <ClCompile Include="State_Wander.cpp">
      <Filter>소스 파일\FSM\State</Filter>
    </ClCompile>
    <ClCompile Include="State_Die.cpp">
      <Filter>소스 파일\FSM\State</Filter>
    </ClCompile>
    <ClCompile Include="Monster.cpp">
      <Filter>소스 파일\Object</Filter>
    </ClCompile>
    <ClCompile Include="CombatCollision.cpp">
      <Filter>소스 파일\Combat</Filter>
    </ClCompile>
    <ClCompile Include="PacketDispatcher.cpp">
      <Filter>소스 파일\Packet</Filter>
    </ClCompile>
    <ClCompile Include="PacketMaker.cpp">
      <Filter>소스 파일\Packet</Filter>
    </ClCompile>
    <ClCompile Include="Sector.cpp">
      <Filter>소스 파일\View</Filter>
    </ClCompile>
    <ClCompile Include="UserViewList.cpp">
      <Filter>소스 파일\View</Filter>
    </ClCompile>
    <ClCompile Include="Zone.cpp">
      <Filter>소스 파일\View</Filter>
    </ClCompile>
    <ClCompile Include="DeadReckoning.cpp">
      <Filter>소스 파일</Filter>
    </ClCompile>
    <ClCompile Include="Object.cpp">
      <Filter>소스 파일\Object</Filter>
    </ClCompile>
    <ClCompile Include="PartyManager.cpp">
      <Filter>소스 파일\Game</Filter>
    </ClCompile>
  </ItemGroup>
  <ItemGroup>
    <ClInclude Include="stdafx.h">
      <Filter>헤더 파일</Filter>
    </ClInclude>
    <ClInclude Include="Protocol.h">
      <Filter>헤더 파일</Filter>
    </ClInclude>
    <ClInclude Include="SyncObject.h">
      <Filter>헤더 파일</Filter>
    </ClInclude>
    <ClInclude Include="Sector.h">
      <Filter>헤더 파일\View</Filter>
    </ClInclude>
    <ClInclude Include="Zone.h">
      <Filter>헤더 파일\View</Filter>
    </ClInclude>
    <ClInclude Include="UserViewList.h">
      <Filter>헤더 파일\View</Filter>
    </ClInclude>
    <ClInclude Include="Monster.h">
      <Filter>헤더 파일\Object</Filter>
    </ClInclude>
    <ClInclude Include="Object.h">
      <Filter>헤더 파일\Object</Filter>
    </ClInclude>
    <ClInclude Include="User.h">
      <Filter>헤더 파일\Object</Filter>
    </ClInclude>
    <ClInclude Include="State.h">
      <Filter>헤더 파일\FSM</Filter>
    </ClInclude>
    <ClInclude Include="StateMachine.h">
      <Filter>헤더 파일\FSM</Filter>
    </ClInclude>
    <ClInclude Include="StateHeader.h">
      <Filter>헤더 파일\FSM</Filter>
    </ClInclude>
    <ClInclude Include="State_Chase.h">
      <Filter>헤더 파일\FSM\State</Filter>
    </ClInclude>
    <ClInclude Include="State_Combat.h">
      <Filter>헤더 파일\FSM\State</Filter>
    </ClInclude>
    <ClInclude Include="State_Die.h">
      <Filter>헤더 파일\FSM\State</Filter>
    </ClInclude>
    <ClInclude Include="State_Wander.h">
      <Filter>헤더 파일\FSM\State</Filter>
    </ClInclude>
    <ClInclude Include="TargetProcess.h">
      <Filter>헤더 파일</Filter>
    </ClInclude>
    <ClInclude Include="ObjectStatus.h">
      <Filter>헤더 파일\Object</Filter>
    </ClInclude>
    <ClInclude Include="RequestToDB.h">
      <Filter>헤더 파일\DB</Filter>
    </ClInclude>
    <ClInclude Include="DBProcess.h">
      <Filter>헤더 파일\DB</Filter>
    </ClInclude>
    <ClInclude Include="CombatCollision.h">
      <Filter>헤더 파일\Combat</Filter>
    </ClInclude>
    <ClInclude Include="PacketMaker.h">
      <Filter>헤더 파일\Packet</Filter>
    </ClInclude>
    <ClInclude Include="PacketDispatcher.h">
      <Filter>헤더 파일\Packet</Filter>
    </ClInclude>
    <ClInclude Include="DeadReckoning.h">
      <Filter>헤더 파일</Filter>
    </ClInclude>
    <ClInclude Include="PartyManager.h">
      <Filter>헤더 파일\Game</Filter>
    </ClInclude>
  </ItemGroup>
</Project>